// !$*UTF8*$!
{
	archiveVersion = 1;
	classes = {
	};
	objectVersion = 48;
	objects = {

/* Begin PBXBuildFile section */
		6D4BF7B51FEC9D6E00ACA758 /* AppDelegate.m in Sources */ = {isa = PBXBuildFile; fileRef = 6D4BF7B41FEC9D6E00ACA758 /* AppDelegate.m */; };
		6D4BF7B81FEC9D6E00ACA758 /* ViewController.m in Sources */ = {isa = PBXBuildFile; fileRef = 6D4BF7B71FEC9D6E00ACA758 /* ViewController.m */; };
		6D4BF7BB1FEC9D6E00ACA758 /* Main.storyboard in Resources */ = {isa = PBXBuildFile; fileRef = 6D4BF7B91FEC9D6E00ACA758 /* Main.storyboard */; };
		6D4BF7BD1FEC9D6E00ACA758 /* Assets.xcassets in Resources */ = {isa = PBXBuildFile; fileRef = 6D4BF7BC1FEC9D6E00ACA758 /* Assets.xcassets */; };
		6D4BF7C01FEC9D6E00ACA758 /* LaunchScreen.storyboard in Resources */ = {isa = PBXBuildFile; fileRef = 6D4BF7BE1FEC9D6E00ACA758 /* LaunchScreen.storyboard */; };
		6D4BF7C31FEC9D6E00ACA758 /* main.m in Sources */ = {isa = PBXBuildFile; fileRef = 6D4BF7C21FEC9D6E00ACA758 /* main.m */; };
		6D4BF7CC1FECA36C00ACA758 /* XZYNetworkingWithCache.m in Sources */ = {isa = PBXBuildFile; fileRef = 6D4BF7CB1FECA36C00ACA758 /* XZYNetworkingWithCache.m */; };
		6DA2241E1FF0CCB100E5E068 /* API.m in Sources */ = {isa = PBXBuildFile; fileRef = 6DA2241D1FF0CCB100E5E068 /* API.m */; };
		7B8A23DD1FC8754F978526ED /* libPods-XZYNetworking.a in Frameworks */ = {isa = PBXBuildFile; fileRef = 2816F89CB1AEDC2706272083 /* libPods-XZYNetworking.a */; };
/* End PBXBuildFile section */

/* Begin PBXFileReference section */
		2816F89CB1AEDC2706272083 /* libPods-XZYNetworking.a */ = {isa = PBXFileReference; explicitFileType = archive.ar; includeInIndex = 0; path = "libPods-XZYNetworking.a"; sourceTree = BUILT_PRODUCTS_DIR; };
		68195BB7AC32C871FDC3EB5B /* Pods-XZYNetworking.release.xcconfig */ = {isa = PBXFileReference; includeInIndex = 1; lastKnownFileType = text.xcconfig; name = "Pods-XZYNetworking.release.xcconfig"; path = "Pods/Target Support Files/Pods-XZYNetworking/Pods-XZYNetworking.release.xcconfig"; sourceTree = "<group>"; };
		6D4BF7B01FEC9D6E00ACA758 /* XZYNetworking.app */ = {isa = PBXFileReference; explicitFileType = wrapper.application; includeInIndex = 0; path = XZYNetworking.app; sourceTree = BUILT_PRODUCTS_DIR; };
		6D4BF7B31FEC9D6E00ACA758 /* AppDelegate.h */ = {isa = PBXFileReference; lastKnownFileType = sourcecode.c.h; path = AppDelegate.h; sourceTree = "<group>"; };
		6D4BF7B41FEC9D6E00ACA758 /* AppDelegate.m */ = {isa = PBXFileReference; lastKnownFileType = sourcecode.c.objc; path = AppDelegate.m; sourceTree = "<group>"; };
		6D4BF7B61FEC9D6E00ACA758 /* ViewController.h */ = {isa = PBXFileReference; lastKnownFileType = sourcecode.c.h; path = ViewController.h; sourceTree = "<group>"; };
		6D4BF7B71FEC9D6E00ACA758 /* ViewController.m */ = {isa = PBXFileReference; lastKnownFileType = sourcecode.c.objc; path = ViewController.m; sourceTree = "<group>"; };
		6D4BF7BA1FEC9D6E00ACA758 /* Base */ = {isa = PBXFileReference; lastKnownFileType = file.storyboard; name = Base; path = Base.lproj/Main.storyboard; sourceTree = "<group>"; };
		6D4BF7BC1FEC9D6E00ACA758 /* Assets.xcassets */ = {isa = PBXFileReference; lastKnownFileType = folder.assetcatalog; path = Assets.xcassets; sourceTree = "<group>"; };
		6D4BF7BF1FEC9D6E00ACA758 /* Base */ = {isa = PBXFileReference; lastKnownFileType = file.storyboard; name = Base; path = Base.lproj/LaunchScreen.storyboard; sourceTree = "<group>"; };
		6D4BF7C11FEC9D6E00ACA758 /* Info.plist */ = {isa = PBXFileReference; lastKnownFileType = text.plist.xml; path = Info.plist; sourceTree = "<group>"; };
		6D4BF7C21FEC9D6E00ACA758 /* main.m */ = {isa = PBXFileReference; lastKnownFileType = sourcecode.c.objc; path = main.m; sourceTree = "<group>"; };
		6D4BF7CA1FECA36C00ACA758 /* XZYNetworkingWithCache.h */ = {isa = PBXFileReference; lastKnownFileType = sourcecode.c.h; path = XZYNetworkingWithCache.h; sourceTree = "<group>"; };
		6D4BF7CB1FECA36C00ACA758 /* XZYNetworkingWithCache.m */ = {isa = PBXFileReference; lastKnownFileType = sourcecode.c.objc; path = XZYNetworkingWithCache.m; sourceTree = "<group>"; };
		6DA2241C1FF0CCB100E5E068 /* API.h */ = {isa = PBXFileReference; lastKnownFileType = sourcecode.c.h; path = API.h; sourceTree = "<group>"; };
		6DA2241D1FF0CCB100E5E068 /* API.m */ = {isa = PBXFileReference; lastKnownFileType = sourcecode.c.objc; path = API.m; sourceTree = "<group>"; };
		AED08F886BAF30A57BF76D58 /* Pods-XZYNetworking.debug.xcconfig */ = {isa = PBXFileReference; includeInIndex = 1; lastKnownFileType = text.xcconfig; name = "Pods-XZYNetworking.debug.xcconfig"; path = "Pods/Target Support Files/Pods-XZYNetworking/Pods-XZYNetworking.debug.xcconfig"; sourceTree = "<group>"; };
/* End PBXFileReference section */

/* Begin PBXFrameworksBuildPhase section */
		6D4BF7AD1FEC9D6E00ACA758 /* Frameworks */ = {
			isa = PBXFrameworksBuildPhase;
			buildActionMask = 2147483647;
			files = (
				7B8A23DD1FC8754F978526ED /* libPods-XZYNetworking.a in Frameworks */,
			);
			runOnlyForDeploymentPostprocessing = 0;
		};
/* End PBXFrameworksBuildPhase section */

/* Begin PBXGroup section */
		176178E9CF8DDA5C20CCAEB1 /* Pods */ = {
			isa = PBXGroup;
			children = (
				AED08F886BAF30A57BF76D58 /* Pods-XZYNetworking.debug.xcconfig */,
				68195BB7AC32C871FDC3EB5B /* Pods-XZYNetworking.release.xcconfig */,
			);
			name = Pods;
			sourceTree = "<group>";
		};
		6578E8C040175C81D441FD2C /* Frameworks */ = {
			isa = PBXGroup;
			children = (
				2816F89CB1AEDC2706272083 /* libPods-XZYNetworking.a */,
			);
			name = Frameworks;
			sourceTree = "<group>";
		};
		6D4BF7A71FEC9D6E00ACA758 = {
			isa = PBXGroup;
			children = (
				6D4BF7B21FEC9D6E00ACA758 /* XZYNetworking */,
				6D4BF7B11FEC9D6E00ACA758 /* Products */,
				176178E9CF8DDA5C20CCAEB1 /* Pods */,
				6578E8C040175C81D441FD2C /* Frameworks */,
			);
			sourceTree = "<group>";
		};
		6D4BF7B11FEC9D6E00ACA758 /* Products */ = {
			isa = PBXGroup;
			children = (
				6D4BF7B01FEC9D6E00ACA758 /* XZYNetworking.app */,
			);
			name = Products;
			sourceTree = "<group>";
		};
		6D4BF7B21FEC9D6E00ACA758 /* XZYNetworking */ = {
			isa = PBXGroup;
			children = (
				6DA2241C1FF0CCB100E5E068 /* API.h */,
				6DA2241D1FF0CCB100E5E068 /* API.m */,
				6D4BF7C91FEC9D7B00ACA758 /* Classes */,
				6D4BF7B31FEC9D6E00ACA758 /* AppDelegate.h */,
				6D4BF7B41FEC9D6E00ACA758 /* AppDelegate.m */,
				6D4BF7B61FEC9D6E00ACA758 /* ViewController.h */,
				6D4BF7B71FEC9D6E00ACA758 /* ViewController.m */,
				6D4BF7B91FEC9D6E00ACA758 /* Main.storyboard */,
				6D4BF7BC1FEC9D6E00ACA758 /* Assets.xcassets */,
				6D4BF7BE1FEC9D6E00ACA758 /* LaunchScreen.storyboard */,
				6D4BF7C11FEC9D6E00ACA758 /* Info.plist */,
				6D4BF7C21FEC9D6E00ACA758 /* main.m */,
			);
			path = XZYNetworking;
			sourceTree = "<group>";
		};
		6D4BF7C91FEC9D7B00ACA758 /* Classes */ = {
			isa = PBXGroup;
			children = (
				6D4BF7CA1FECA36C00ACA758 /* XZYNetworkingWithCache.h */,
				6D4BF7CB1FECA36C00ACA758 /* XZYNetworkingWithCache.m */,
			);
			path = Classes;
			sourceTree = "<group>";
		};
/* End PBXGroup section */

/* Begin PBXNativeTarget section */
		6D4BF7AF1FEC9D6E00ACA758 /* XZYNetworking */ = {
			isa = PBXNativeTarget;
			buildConfigurationList = 6D4BF7C61FEC9D6E00ACA758 /* Build configuration list for PBXNativeTarget "XZYNetworking" */;
			buildPhases = (
				7F6B2751F8C50EA07C5742CE /* [CP] Check Pods Manifest.lock */,
				6D4BF7AC1FEC9D6E00ACA758 /* Sources */,
				6D4BF7AD1FEC9D6E00ACA758 /* Frameworks */,
				6D4BF7AE1FEC9D6E00ACA758 /* Resources */,
				5E6C850F6C430CC3A145C32C /* [CP] Embed Pods Frameworks */,
				E16446DEA38C40CD9CE0FF69 /* [CP] Copy Pods Resources */,
			);
			buildRules = (
			);
			dependencies = (
			);
			name = XZYNetworking;
			productName = XZYNetworking;
			productReference = 6D4BF7B01FEC9D6E00ACA758 /* XZYNetworking.app */;
			productType = "com.apple.product-type.application";
		};
/* End PBXNativeTarget section */

/* Begin PBXProject section */
		6D4BF7A81FEC9D6E00ACA758 /* Project object */ = {
			isa = PBXProject;
			attributes = {
				LastUpgradeCheck = 0910;
				ORGANIZATIONNAME = "徐自由";
				TargetAttributes = {
					6D4BF7AF1FEC9D6E00ACA758 = {
						CreatedOnToolsVersion = 9.1;
						ProvisioningStyle = Automatic;
					};
				};
			};
			buildConfigurationList = 6D4BF7AB1FEC9D6E00ACA758 /* Build configuration list for PBXProject "XZYNetworking" */;
			compatibilityVersion = "Xcode 8.0";
			developmentRegion = en;
			hasScannedForEncodings = 0;
			knownRegions = (
				en,
				Base,
			);
			mainGroup = 6D4BF7A71FEC9D6E00ACA758;
			productRefGroup = 6D4BF7B11FEC9D6E00ACA758 /* Products */;
			projectDirPath = "";
			projectRoot = "";
			targets = (
				6D4BF7AF1FEC9D6E00ACA758 /* XZYNetworking */,
			);
		};
/* End PBXProject section */

/* Begin PBXResourcesBuildPhase section */
		6D4BF7AE1FEC9D6E00ACA758 /* Resources */ = {
			isa = PBXResourcesBuildPhase;
			buildActionMask = 2147483647;
			files = (
				6D4BF7C01FEC9D6E00ACA758 /* LaunchScreen.storyboard in Resources */,
				6D4BF7BD1FEC9D6E00ACA758 /* Assets.xcassets in Resources */,
				6D4BF7BB1FEC9D6E00ACA758 /* Main.storyboard in Resources */,
			);
			runOnlyForDeploymentPostprocessing = 0;
		};
/* End PBXResourcesBuildPhase section */

/* Begin PBXShellScriptBuildPhase section */
		5E6C850F6C430CC3A145C32C /* [CP] Embed Pods Frameworks */ = {
			isa = PBXShellScriptBuildPhase;
			buildActionMask = 2147483647;
			files = (
			);
			inputPaths = (
			);
			name = "[CP] Embed Pods Frameworks";
			outputPaths = (
			);
			runOnlyForDeploymentPostprocessing = 0;
			shellPath = /bin/sh;
			shellScript = "\"${SRCROOT}/Pods/Target Support Files/Pods-XZYNetworking/Pods-XZYNetworking-frameworks.sh\"\n";
			showEnvVarsInLog = 0;
		};
		7F6B2751F8C50EA07C5742CE /* [CP] Check Pods Manifest.lock */ = {
			isa = PBXShellScriptBuildPhase;
			buildActionMask = 2147483647;
			files = (
			);
			inputPaths = (
			);
			name = "[CP] Check Pods Manifest.lock";
			outputPaths = (
			);
			runOnlyForDeploymentPostprocessing = 0;
			shellPath = /bin/sh;
			shellScript = "diff \"${PODS_ROOT}/../Podfile.lock\" \"${PODS_ROOT}/Manifest.lock\" > /dev/null\nif [ $? != 0 ] ; then\n    # print error to STDERR\n    echo \"error: The sandbox is not in sync with the Podfile.lock. Run 'pod install' or update your CocoaPods installation.\" >&2\n    exit 1\nfi\n";
			showEnvVarsInLog = 0;
		};
		E16446DEA38C40CD9CE0FF69 /* [CP] Copy Pods Resources */ = {
			isa = PBXShellScriptBuildPhase;
			buildActionMask = 2147483647;
			files = (
			);
			inputPaths = (
			);
			name = "[CP] Copy Pods Resources";
			outputPaths = (
			);
			runOnlyForDeploymentPostprocessing = 0;
			shellPath = /bin/sh;
			shellScript = "\"${SRCROOT}/Pods/Target Support Files/Pods-XZYNetworking/Pods-XZYNetworking-resources.sh\"\n";
			showEnvVarsInLog = 0;
		};
/* End PBXShellScriptBuildPhase section */

/* Begin PBXSourcesBuildPhase section */
		6D4BF7AC1FEC9D6E00ACA758 /* Sources */ = {
			isa = PBXSourcesBuildPhase;
			buildActionMask = 2147483647;
			files = (
				6D4BF7B81FEC9D6E00ACA758 /* ViewController.m in Sources */,
				6D4BF7C31FEC9D6E00ACA758 /* main.m in Sources */,
				6D4BF7CC1FECA36C00ACA758 /* XZYNetworkingWithCache.m in Sources */,
				6D4BF7B51FEC9D6E00ACA758 /* AppDelegate.m in Sources */,
				6DA2241E1FF0CCB100E5E068 /* API.m in Sources */,
			);
			runOnlyForDeploymentPostprocessing = 0;
		};
/* End PBXSourcesBuildPhase section */

/* Begin PBXVariantGroup section */
		6D4BF7B91FEC9D6E00ACA758 /* Main.storyboard */ = {
			isa = PBXVariantGroup;
			children = (
				6D4BF7BA1FEC9D6E00ACA758 /* Base */,
			);
			name = Main.storyboard;
			sourceTree = "<group>";
		};
		6D4BF7BE1FEC9D6E00ACA758 /* LaunchScreen.storyboard */ = {
			isa = PBXVariantGroup;
			children = (
				6D4BF7BF1FEC9D6E00ACA758 /* Base */,
			);
			name = LaunchScreen.storyboard;
			sourceTree = "<group>";
		};
/* End PBXVariantGroup section */

/* Begin XCBuildConfiguration section */
		6D4BF7C41FEC9D6E00ACA758 /* Debug */ = {
			isa = XCBuildConfiguration;
			buildSettings = {
				ALWAYS_SEARCH_USER_PATHS = NO;
				CLANG_ANALYZER_NONNULL = YES;
				CLANG_ANALYZER_NUMBER_OBJECT_CONVERSION = YES_AGGRESSIVE;
				CLANG_CXX_LANGUAGE_STANDARD = "gnu++14";
				CLANG_CXX_LIBRARY = "libc++";
				CLANG_ENABLE_MODULES = YES;
				CLANG_ENABLE_OBJC_ARC = YES;
				CLANG_WARN_BLOCK_CAPTURE_AUTORELEASING = YES;
				CLANG_WARN_BOOL_CONVERSION = YES;
				CLANG_WARN_COMMA = YES;
				CLANG_WARN_CONSTANT_CONVERSION = YES;
				CLANG_WARN_DIRECT_OBJC_ISA_USAGE = YES_ERROR;
				CLANG_WARN_DOCUMENTATION_COMMENTS = YES;
				CLANG_WARN_EMPTY_BODY = YES;
				CLANG_WARN_ENUM_CONVERSION = YES;
				CLANG_WARN_INFINITE_RECURSION = YES;
				CLANG_WARN_INT_CONVERSION = YES;
				CLANG_WARN_NON_LITERAL_NULL_CONVERSION = YES;
				CLANG_WARN_OBJC_LITERAL_CONVERSION = YES;
				CLANG_WARN_OBJC_ROOT_CLASS = YES_ERROR;
				CLANG_WARN_RANGE_LOOP_ANALYSIS = YES;
				CLANG_WARN_STRICT_PROTOTYPES = YES;
				CLANG_WARN_SUSPICIOUS_MOVE = YES;
				CLANG_WARN_UNGUARDED_AVAILABILITY = YES_AGGRESSIVE;
				CLANG_WARN_UNREACHABLE_CODE = YES;
				CLANG_WARN__DUPLICATE_METHOD_MATCH = YES;
				CODE_SIGN_IDENTITY = "iPhone Developer";
				COPY_PHASE_STRIP = NO;
				DEBUG_INFORMATION_FORMAT = dwarf;
				ENABLE_STRICT_OBJC_MSGSEND = YES;
				ENABLE_TESTABILITY = YES;
				GCC_C_LANGUAGE_STANDARD = gnu11;
				GCC_DYNAMIC_NO_PIC = NO;
				GCC_NO_COMMON_BLOCKS = YES;
				GCC_OPTIMIZATION_LEVEL = 0;
				GCC_PREPROCESSOR_DEFINITIONS = (
					"DEBUG=1",
					"$(inherited)",
				);
				GCC_WARN_64_TO_32_BIT_CONVERSION = YES;
				GCC_WARN_ABOUT_RETURN_TYPE = YES_ERROR;
				GCC_WARN_UNDECLARED_SELECTOR = YES;
				GCC_WARN_UNINITIALIZED_AUTOS = YES_AGGRESSIVE;
				GCC_WARN_UNUSED_FUNCTION = YES;
				GCC_WARN_UNUSED_VARIABLE = YES;
				IPHONEOS_DEPLOYMENT_TARGET = 11.1;
				MTL_ENABLE_DEBUG_INFO = YES;
				ONLY_ACTIVE_ARCH = YES;
				SDKROOT = iphoneos;
			};
			name = Debug;
		};
		6D4BF7C51FEC9D6E00ACA758 /* Release */ = {
			isa = XCBuildConfiguration;
			buildSettings = {
				ALWAYS_SEARCH_USER_PATHS = NO;
				CLANG_ANALYZER_NONNULL = YES;
				CLANG_ANALYZER_NUMBER_OBJECT_CONVERSION = YES_AGGRESSIVE;
				CLANG_CXX_LANGUAGE_STANDARD = "gnu++14";
				CLANG_CXX_LIBRARY = "libc++";
				CLANG_ENABLE_MODULES = YES;
				CLANG_ENABLE_OBJC_ARC = YES;
				CLANG_WARN_BLOCK_CAPTURE_AUTORELEASING = YES;
				CLANG_WARN_BOOL_CONVERSION = YES;
				CLANG_WARN_COMMA = YES;
				CLANG_WARN_CONSTANT_CONVERSION = YES;
				CLANG_WARN_DIRECT_OBJC_ISA_USAGE = YES_ERROR;
				CLANG_WARN_DOCUMENTATION_COMMENTS = YES;
				CLANG_WARN_EMPTY_BODY = YES;
				CLANG_WARN_ENUM_CONVERSION = YES;
				CLANG_WARN_INFINITE_RECURSION = YES;
				CLANG_WARN_INT_CONVERSION = YES;
				CLANG_WARN_NON_LITERAL_NULL_CONVERSION = YES;
				CLANG_WARN_OBJC_LITERAL_CONVERSION = YES;
				CLANG_WARN_OBJC_ROOT_CLASS = YES_ERROR;
				CLANG_WARN_RANGE_LOOP_ANALYSIS = YES;
				CLANG_WARN_STRICT_PROTOTYPES = YES;
				CLANG_WARN_SUSPICIOUS_MOVE = YES;
				CLANG_WARN_UNGUARDED_AVAILABILITY = YES_AGGRESSIVE;
				CLANG_WARN_UNREACHABLE_CODE = YES;
				CLANG_WARN__DUPLICATE_METHOD_MATCH = YES;
				CODE_SIGN_IDENTITY = "iPhone Developer";
				COPY_PHASE_STRIP = NO;
				DEBUG_INFORMATION_FORMAT = "dwarf-with-dsym";
				ENABLE_NS_ASSERTIONS = NO;
				ENABLE_STRICT_OBJC_MSGSEND = YES;
				GCC_C_LANGUAGE_STANDARD = gnu11;
				GCC_NO_COMMON_BLOCKS = YES;
				GCC_WARN_64_TO_32_BIT_CONVERSION = YES;
				GCC_WARN_ABOUT_RETURN_TYPE = YES_ERROR;
				GCC_WARN_UNDECLARED_SELECTOR = YES;
				GCC_WARN_UNINITIALIZED_AUTOS = YES_AGGRESSIVE;
				GCC_WARN_UNUSED_FUNCTION = YES;
				GCC_WARN_UNUSED_VARIABLE = YES;
				IPHONEOS_DEPLOYMENT_TARGET = 11.1;
				MTL_ENABLE_DEBUG_INFO = NO;
				SDKROOT = iphoneos;
				VALIDATE_PRODUCT = YES;
			};
			name = Release;
		};
		6D4BF7C71FEC9D6E00ACA758 /* Debug */ = {
			isa = XCBuildConfiguration;
			baseConfigurationReference = AED08F886BAF30A57BF76D58 /* Pods-XZYNetworking.debug.xcconfig */;
			buildSettings = {
				ASSETCATALOG_COMPILER_APPICON_NAME = AppIcon;
				CODE_SIGN_STYLE = Automatic;
				INFOPLIST_FILE = XZYNetworking/Info.plist;
				LD_RUNPATH_SEARCH_PATHS = "$(inherited) @executable_path/Frameworks";
				PRODUCT_BUNDLE_IDENTIFIER = com.chepeilong.XZYNetworking;
				PRODUCT_NAME = "$(TARGET_NAME)";
				TARGETED_DEVICE_FAMILY = "1,2";
			};
			name = Debug;
		};
		6D4BF7C81FEC9D6E00ACA758 /* Release */ = {
			isa = XCBuildConfiguration;
			baseConfigurationReference = 68195BB7AC32C871FDC3EB5B /* Pods-XZYNetworking.release.xcconfig */;
			buildSettings = {
				ASSETCATALOG_COMPILER_APPICON_NAME = AppIcon;
				CODE_SIGN_STYLE = Automatic;
				INFOPLIST_FILE = XZYNetworking/Info.plist;
				LD_RUNPATH_SEARCH_PATHS = "$(inherited) @executable_path/Frameworks";
				PRODUCT_BUNDLE_IDENTIFIER = com.chepeilong.XZYNetworking;
				PRODUCT_NAME = "$(TARGET_NAME)";
				TARGETED_DEVICE_FAMILY = "1,2";
			};
			name = Release;
		};
/* End XCBuildConfiguration section */

/* Begin XCConfigurationList section */
		6D4BF7AB1FEC9D6E00ACA758 /* Build configuration list for PBXProject "XZYNetworking" */ = {
			isa = XCConfigurationList;
			buildConfigurations = (
				6D4BF7C41FEC9D6E00ACA758 /* Debug */,
				6D4BF7C51FEC9D6E00ACA758 /* Release */,
			);
			defaultConfigurationIsVisible = 0;
			defaultConfigurationName = Release;
		};
		6D4BF7C61FEC9D6E00ACA758 /* Build configuration list for PBXNativeTarget "XZYNetworking" */ = {
			isa = XCConfigurationList;
			buildConfigurations = (
				6D4BF7C71FEC9D6E00ACA758 /* Debug */,
				6D4BF7C81FEC9D6E00ACA758 /* Release */,
			);
			defaultConfigurationIsVisible = 0;
			defaultConfigurationName = Release;
		};
/* End XCConfigurationList section */
	};
	rootObject = 6D4BF7A81FEC9D6E00ACA758 /* Project object */;
}
